// !$*UTF8*$!
{
	archiveVersion = 1;
	classes = {
	};
	objectVersion = 77;
	objects = {

/* Begin PBXBuildFile section */
		76311A342DC3F51800C6522B /* Secrets.plist in Resources */ = {isa = PBXBuildFile; fileRef = 76311A332DC3F51300C6522B /* Secrets.plist */; };
		76311A362DC3F57100C6522B /* .gitignore in Resources */ = {isa = PBXBuildFile; fileRef = 76311A352DC3F56C00C6522B /* .gitignore */; };
		76311A3A2DC3F5A500C6522B /* Secrets.sample.plist in Resources */ = {isa = PBXBuildFile; fileRef = 76311A392DC3F5A200C6522B /* Secrets.sample.plist */; };
/* End PBXBuildFile section */

/* Begin PBXContainerItemProxy section */
		76311A142DC3ECD300C6522B /* PBXContainerItemProxy */ = {
			isa = PBXContainerItemProxy;
			containerPortal = 763119FC2DC3ECD200C6522B /* Project object */;
			proxyType = 1;
			remoteGlobalIDString = 76311A032DC3ECD200C6522B;
			remoteInfo = WoPe;
		};
		76311A1E2DC3ECD300C6522B /* PBXContainerItemProxy */ = {
			isa = PBXContainerItemProxy;
			containerPortal = 763119FC2DC3ECD200C6522B /* Project object */;
			proxyType = 1;
			remoteGlobalIDString = 76311A032DC3ECD200C6522B;
			remoteInfo = WoPe;
		};
/* End PBXContainerItemProxy section */

/* Begin PBXFileReference section */
		76311A042DC3ECD200C6522B /* WoPe.app */ = {isa = PBXFileReference; explicitFileType = wrapper.application; includeInIndex = 0; path = WoPe.app; sourceTree = BUILT_PRODUCTS_DIR; };
		76311A132DC3ECD300C6522B /* WoPeTests.xctest */ = {isa = PBXFileReference; explicitFileType = wrapper.cfbundle; includeInIndex = 0; path = WoPeTests.xctest; sourceTree = BUILT_PRODUCTS_DIR; };
		76311A1D2DC3ECD300C6522B /* WoPeUITests.xctest */ = {isa = PBXFileReference; explicitFileType = wrapper.cfbundle; includeInIndex = 0; path = WoPeUITests.xctest; sourceTree = BUILT_PRODUCTS_DIR; };
		76311A332DC3F51300C6522B /* Secrets.plist */ = {isa = PBXFileReference; lastKnownFileType = text.plist; path = Secrets.plist; sourceTree = "<group>"; };
		76311A352DC3F56C00C6522B /* .gitignore */ = {isa = PBXFileReference; lastKnownFileType = text; path = .gitignore; sourceTree = "<group>"; };
		76311A392DC3F5A200C6522B /* Secrets.sample.plist */ = {isa = PBXFileReference; lastKnownFileType = text.plist; path = Secrets.sample.plist; sourceTree = "<group>"; };
/* End PBXFileReference section */

/* Begin PBXFileSystemSynchronizedRootGroup section */
		76311A062DC3ECD200C6522B /* WoPe */ = {
			isa = PBXFileSystemSynchronizedRootGroup;
			path = WoPe;
			sourceTree = "<group>";
		};
		76311A162DC3ECD300C6522B /* WoPeTests */ = {
			isa = PBXFileSystemSynchronizedRootGroup;
			path = WoPeTests;
			sourceTree = "<group>";
		};
		76311A202DC3ECD300C6522B /* WoPeUITests */ = {
			isa = PBXFileSystemSynchronizedRootGroup;
			path = WoPeUITests;
			sourceTree = "<group>";
		};
/* End PBXFileSystemSynchronizedRootGroup section */

/* Begin PBXFrameworksBuildPhase section */
		76311A012DC3ECD200C6522B /* Frameworks */ = {
			isa = PBXFrameworksBuildPhase;
			buildActionMask = 2147483647;
			files = (
			);
			runOnlyForDeploymentPostprocessing = 0;
		};
		76311A102DC3ECD300C6522B /* Frameworks */ = {
			isa = PBXFrameworksBuildPhase;
			buildActionMask = 2147483647;
			files = (
			);
			runOnlyForDeploymentPostprocessing = 0;
		};
		76311A1A2DC3ECD300C6522B /* Frameworks */ = {
			isa = PBXFrameworksBuildPhase;
			buildActionMask = 2147483647;
			files = (
			);
			runOnlyForDeploymentPostprocessing = 0;
		};
/* End PBXFrameworksBuildPhase section */

/* Begin PBXGroup section */
		763119FB2DC3ECD200C6522B = {
			isa = PBXGroup;
			children = (
				76311A392DC3F5A200C6522B /* Secrets.sample.plist */,
				76311A352DC3F56C00C6522B /* .gitignore */,
				76311A332DC3F51300C6522B /* Secrets.plist */,
				76311A062DC3ECD200C6522B /* WoPe */,
				76311A162DC3ECD300C6522B /* WoPeTests */,
				76311A202DC3ECD300C6522B /* WoPeUITests */,
				76311A052DC3ECD200C6522B /* Products */,
			);
			sourceTree = "<group>";
		};
		76311A052DC3ECD200C6522B /* Products */ = {
			isa = PBXGroup;
			children = (
				76311A042DC3ECD200C6522B /* WoPe.app */,
				76311A132DC3ECD300C6522B /* WoPeTests.xctest */,
				76311A1D2DC3ECD300C6522B /* WoPeUITests.xctest */,
			);
			name = Products;
			sourceTree = "<group>";
		};
/* End PBXGroup section */

/* Begin PBXNativeTarget section */
		76311A032DC3ECD200C6522B /* WoPe */ = {
			isa = PBXNativeTarget;
			buildConfigurationList = 76311A272DC3ECD300C6522B /* Build configuration list for PBXNativeTarget "WoPe" */;
			buildPhases = (
				76311A002DC3ECD200C6522B /* Sources */,
				76311A012DC3ECD200C6522B /* Frameworks */,
				76311A022DC3ECD200C6522B /* Resources */,
			);
			buildRules = (
			);
			dependencies = (
			);
			fileSystemSynchronizedGroups = (
				76311A062DC3ECD200C6522B /* WoPe */,
			);
			name = WoPe;
			packageProductDependencies = (
			);
			productName = WoPe;
			productReference = 76311A042DC3ECD200C6522B /* WoPe.app */;
			productType = "com.apple.product-type.application";
		};
		76311A122DC3ECD300C6522B /* WoPeTests */ = {
			isa = PBXNativeTarget;
			buildConfigurationList = 76311A2A2DC3ECD300C6522B /* Build configuration list for PBXNativeTarget "WoPeTests" */;
			buildPhases = (
				76311A0F2DC3ECD300C6522B /* Sources */,
				76311A102DC3ECD300C6522B /* Frameworks */,
				76311A112DC3ECD300C6522B /* Resources */,
			);
			buildRules = (
			);
			dependencies = (
				76311A152DC3ECD300C6522B /* PBXTargetDependency */,
			);
			fileSystemSynchronizedGroups = (
				76311A162DC3ECD300C6522B /* WoPeTests */,
			);
			name = WoPeTests;
			packageProductDependencies = (
			);
			productName = WoPeTests;
			productReference = 76311A132DC3ECD300C6522B /* WoPeTests.xctest */;
			productType = "com.apple.product-type.bundle.unit-test";
		};
		76311A1C2DC3ECD300C6522B /* WoPeUITests */ = {
			isa = PBXNativeTarget;
			buildConfigurationList = 76311A2D2DC3ECD300C6522B /* Build configuration list for PBXNativeTarget "WoPeUITests" */;
			buildPhases = (
				76311A192DC3ECD300C6522B /* Sources */,
				76311A1A2DC3ECD300C6522B /* Frameworks */,
				76311A1B2DC3ECD300C6522B /* Resources */,
			);
			buildRules = (
			);
			dependencies = (
				76311A1F2DC3ECD300C6522B /* PBXTargetDependency */,
			);
			fileSystemSynchronizedGroups = (
				76311A202DC3ECD300C6522B /* WoPeUITests */,
			);
			name = WoPeUITests;
			packageProductDependencies = (
			);
			productName = WoPeUITests;
			productReference = 76311A1D2DC3ECD300C6522B /* WoPeUITests.xctest */;
			productType = "com.apple.product-type.bundle.ui-testing";
		};
/* End PBXNativeTarget section */

/* Begin PBXProject section */
		763119FC2DC3ECD200C6522B /* Project object */ = {
			isa = PBXProject;
			attributes = {
				BuildIndependentTargetsInParallel = 1;
				LastSwiftUpdateCheck = 1630;
				LastUpgradeCheck = 1630;
				TargetAttributes = {
					76311A032DC3ECD200C6522B = {
						CreatedOnToolsVersion = 16.3;
					};
					76311A122DC3ECD300C6522B = {
						CreatedOnToolsVersion = 16.3;
						TestTargetID = 76311A032DC3ECD200C6522B;
					};
					76311A1C2DC3ECD300C6522B = {
						CreatedOnToolsVersion = 16.3;
						TestTargetID = 76311A032DC3ECD200C6522B;
					};
				};
			};
			buildConfigurationList = 763119FF2DC3ECD200C6522B /* Build configuration list for PBXProject "WoPe" */;
			developmentRegion = en;
			hasScannedForEncodings = 0;
			knownRegions = (
				en,
				Base,
			);
			mainGroup = 763119FB2DC3ECD200C6522B;
			minimizedProjectReferenceProxies = 1;
			preferredProjectObjectVersion = 77;
			productRefGroup = 76311A052DC3ECD200C6522B /* Products */;
			projectDirPath = "";
			projectRoot = "";
			targets = (
				76311A032DC3ECD200C6522B /* WoPe */,
				76311A122DC3ECD300C6522B /* WoPeTests */,
				76311A1C2DC3ECD300C6522B /* WoPeUITests */,
			);
		};
/* End PBXProject section */

/* Begin PBXResourcesBuildPhase section */
		76311A022DC3ECD200C6522B /* Resources */ = {
			isa = PBXResourcesBuildPhase;
			buildActionMask = 2147483647;
			files = (
				76311A342DC3F51800C6522B /* Secrets.plist in Resources */,
				76311A362DC3F57100C6522B /* .gitignore in Resources */,
				76311A3A2DC3F5A500C6522B /* Secrets.sample.plist in Resources */,
			);
			runOnlyForDeploymentPostprocessing = 0;
		};
		76311A112DC3ECD300C6522B /* Resources */ = {
			isa = PBXResourcesBuildPhase;
			buildActionMask = 2147483647;
			files = (
			);
			runOnlyForDeploymentPostprocessing = 0;
		};
		76311A1B2DC3ECD300C6522B /* Resources */ = {
			isa = PBXResourcesBuildPhase;
			buildActionMask = 2147483647;
			files = (
			);
			runOnlyForDeploymentPostprocessing = 0;
		};
/* End PBXResourcesBuildPhase section */

/* Begin PBXSourcesBuildPhase section */
		76311A002DC3ECD200C6522B /* Sources */ = {
			isa = PBXSourcesBuildPhase;
			buildActionMask = 2147483647;
			files = (
			);
			runOnlyForDeploymentPostprocessing = 0;
		};
		76311A0F2DC3ECD300C6522B /* Sources */ = {
			isa = PBXSourcesBuildPhase;
			buildActionMask = 2147483647;
			files = (
			);
			runOnlyForDeploymentPostprocessing = 0;
		};
		76311A192DC3ECD300C6522B /* Sources */ = {
			isa = PBXSourcesBuildPhase;
			buildActionMask = 2147483647;
			files = (
			);
			runOnlyForDeploymentPostprocessing = 0;
		};
/* End PBXSourcesBuildPhase section */

/* Begin PBXTargetDependency section */
		76311A152DC3ECD300C6522B /* PBXTargetDependency */ = {
			isa = PBXTargetDependency;
			target = 76311A032DC3ECD200C6522B /* WoPe */;
			targetProxy = 76311A142DC3ECD300C6522B /* PBXContainerItemProxy */;
		};
		76311A1F2DC3ECD300C6522B /* PBXTargetDependency */ = {
			isa = PBXTargetDependency;
			target = 76311A032DC3ECD200C6522B /* WoPe */;
			targetProxy = 76311A1E2DC3ECD300C6522B /* PBXContainerItemProxy */;
		};
/* End PBXTargetDependency section */

/* Begin XCBuildConfiguration section */
		76311A252DC3ECD300C6522B /* Debug */ = {
			isa = XCBuildConfiguration;
			buildSettings = {
				ALWAYS_SEARCH_USER_PATHS = NO;
				ASSETCATALOG_COMPILER_GENERATE_SWIFT_ASSET_SYMBOL_EXTENSIONS = YES;
				CLANG_ANALYZER_NONNULL = YES;
				CLANG_ANALYZER_NUMBER_OBJECT_CONVERSION = YES_AGGRESSIVE;
				CLANG_CXX_LANGUAGE_STANDARD = "gnu++20";
				CLANG_ENABLE_MODULES = YES;
				CLANG_ENABLE_OBJC_ARC = YES;
				CLANG_ENABLE_OBJC_WEAK = YES;
				CLANG_WARN_BLOCK_CAPTURE_AUTORELEASING = YES;
				CLANG_WARN_BOOL_CONVERSION = YES;
				CLANG_WARN_COMMA = YES;
				CLANG_WARN_CONSTANT_CONVERSION = YES;
				CLANG_WARN_DEPRECATED_OBJC_IMPLEMENTATIONS = YES;
				CLANG_WARN_DIRECT_OBJC_ISA_USAGE = YES_ERROR;
				CLANG_WARN_DOCUMENTATION_COMMENTS = YES;
				CLANG_WARN_EMPTY_BODY = YES;
				CLANG_WARN_ENUM_CONVERSION = YES;
				CLANG_WARN_INFINITE_RECURSION = YES;
				CLANG_WARN_INT_CONVERSION = YES;
				CLANG_WARN_NON_LITERAL_NULL_CONVERSION = YES;
				CLANG_WARN_OBJC_IMPLICIT_RETAIN_SELF = YES;
				CLANG_WARN_OBJC_LITERAL_CONVERSION = YES;
				CLANG_WARN_OBJC_ROOT_CLASS = YES_ERROR;
				CLANG_WARN_QUOTED_INCLUDE_IN_FRAMEWORK_HEADER = YES;
				CLANG_WARN_RANGE_LOOP_ANALYSIS = YES;
				CLANG_WARN_STRICT_PROTOTYPES = YES;
				CLANG_WARN_SUSPICIOUS_MOVE = YES;
				CLANG_WARN_UNGUARDED_AVAILABILITY = YES_AGGRESSIVE;
				CLANG_WARN_UNREACHABLE_CODE = YES;
				CLANG_WARN__DUPLICATE_METHOD_MATCH = YES;
				COPY_PHASE_STRIP = NO;
				DEBUG_INFORMATION_FORMAT = dwarf;
				ENABLE_STRICT_OBJC_MSGSEND = YES;
				ENABLE_TESTABILITY = YES;
				ENABLE_USER_SCRIPT_SANDBOXING = YES;
				GCC_C_LANGUAGE_STANDARD = gnu17;
				GCC_DYNAMIC_NO_PIC = NO;
				GCC_NO_COMMON_BLOCKS = YES;
				GCC_OPTIMIZATION_LEVEL = 0;
				GCC_PREPROCESSOR_DEFINITIONS = (
					"DEBUG=1",
					"$(inherited)",
				);
				GCC_WARN_64_TO_32_BIT_CONVERSION = YES;
				GCC_WARN_ABOUT_RETURN_TYPE = YES_ERROR;
				GCC_WARN_UNDECLARED_SELECTOR = YES;
				GCC_WARN_UNINITIALIZED_AUTOS = YES_AGGRESSIVE;
				GCC_WARN_UNUSED_FUNCTION = YES;
				GCC_WARN_UNUSED_VARIABLE = YES;
				IPHONEOS_DEPLOYMENT_TARGET = 18.4;
				LOCALIZATION_PREFERS_STRING_CATALOGS = YES;
				MTL_ENABLE_DEBUG_INFO = INCLUDE_SOURCE;
				MTL_FAST_MATH = YES;
				ONLY_ACTIVE_ARCH = YES;
				SDKROOT = iphoneos;
				SWIFT_ACTIVE_COMPILATION_CONDITIONS = "DEBUG $(inherited)";
				SWIFT_OPTIMIZATION_LEVEL = "-Onone";
			};
			name = Debug;
		};
		76311A262DC3ECD300C6522B /* Release */ = {
			isa = XCBuildConfiguration;
			buildSettings = {
				ALWAYS_SEARCH_USER_PATHS = NO;
				ASSETCATALOG_COMPILER_GENERATE_SWIFT_ASSET_SYMBOL_EXTENSIONS = YES;
				CLANG_ANALYZER_NONNULL = YES;
				CLANG_ANALYZER_NUMBER_OBJECT_CONVERSION = YES_AGGRESSIVE;
				CLANG_CXX_LANGUAGE_STANDARD = "gnu++20";
				CLANG_ENABLE_MODULES = YES;
				CLANG_ENABLE_OBJC_ARC = YES;
				CLANG_ENABLE_OBJC_WEAK = YES;
				CLANG_WARN_BLOCK_CAPTURE_AUTORELEASING = YES;
				CLANG_WARN_BOOL_CONVERSION = YES;
				CLANG_WARN_COMMA = YES;
				CLANG_WARN_CONSTANT_CONVERSION = YES;
				CLANG_WARN_DEPRECATED_OBJC_IMPLEMENTATIONS = YES;
				CLANG_WARN_DIRECT_OBJC_ISA_USAGE = YES_ERROR;
				CLANG_WARN_DOCUMENTATION_COMMENTS = YES;
				CLANG_WARN_EMPTY_BODY = YES;
				CLANG_WARN_ENUM_CONVERSION = YES;
				CLANG_WARN_INFINITE_RECURSION = YES;
				CLANG_WARN_INT_CONVERSION = YES;
				CLANG_WARN_NON_LITERAL_NULL_CONVERSION = YES;
				CLANG_WARN_OBJC_IMPLICIT_RETAIN_SELF = YES;
				CLANG_WARN_OBJC_LITERAL_CONVERSION = YES;
				CLANG_WARN_OBJC_ROOT_CLASS = YES_ERROR;
				CLANG_WARN_QUOTED_INCLUDE_IN_FRAMEWORK_HEADER = YES;
				CLANG_WARN_RANGE_LOOP_ANALYSIS = YES;
				CLANG_WARN_STRICT_PROTOTYPES = YES;
				CLANG_WARN_SUSPICIOUS_MOVE = YES;
				CLANG_WARN_UNGUARDED_AVAILABILITY = YES_AGGRESSIVE;
				CLANG_WARN_UNREACHABLE_CODE = YES;
				CLANG_WARN__DUPLICATE_METHOD_MATCH = YES;
				COPY_PHASE_STRIP = NO;
				DEBUG_INFORMATION_FORMAT = "dwarf-with-dsym";
				ENABLE_NS_ASSERTIONS = NO;
				ENABLE_STRICT_OBJC_MSGSEND = YES;
				ENABLE_USER_SCRIPT_SANDBOXING = YES;
				GCC_C_LANGUAGE_STANDARD = gnu17;
				GCC_NO_COMMON_BLOCKS = YES;
				GCC_WARN_64_TO_32_BIT_CONVERSION = YES;
				GCC_WARN_ABOUT_RETURN_TYPE = YES_ERROR;
				GCC_WARN_UNDECLARED_SELECTOR = YES;
				GCC_WARN_UNINITIALIZED_AUTOS = YES_AGGRESSIVE;
				GCC_WARN_UNUSED_FUNCTION = YES;
				GCC_WARN_UNUSED_VARIABLE = YES;
				IPHONEOS_DEPLOYMENT_TARGET = 18.4;
				LOCALIZATION_PREFERS_STRING_CATALOGS = YES;
				MTL_ENABLE_DEBUG_INFO = NO;
				MTL_FAST_MATH = YES;
				SDKROOT = iphoneos;
				SWIFT_COMPILATION_MODE = wholemodule;
				VALIDATE_PRODUCT = YES;
			};
			name = Release;
		};
		76311A282DC3ECD300C6522B /* Debug */ = {
			isa = XCBuildConfiguration;
			buildSettings = {
				ASSETCATALOG_COMPILER_APPICON_NAME = AppIcon;
				ASSETCATALOG_COMPILER_GLOBAL_ACCENT_COLOR_NAME = AccentColor;
				CODE_SIGN_STYLE = Automatic;
				CURRENT_PROJECT_VERSION = 1;
				ENABLE_PREVIEWS = YES;
				GENERATE_INFOPLIST_FILE = YES;
				INFOPLIST_KEY_UIApplicationSceneManifest_Generation = YES;
				INFOPLIST_KEY_UIApplicationSupportsIndirectInputEvents = YES;
				INFOPLIST_KEY_UILaunchScreen_Generation = YES;
				INFOPLIST_KEY_UISupportedInterfaceOrientations_iPad = "UIInterfaceOrientationPortrait UIInterfaceOrientationPortraitUpsideDown UIInterfaceOrientationLandscapeLeft UIInterfaceOrientationLandscapeRight";
				INFOPLIST_KEY_UISupportedInterfaceOrientations_iPhone = "UIInterfaceOrientationPortrait UIInterfaceOrientationLandscapeLeft UIInterfaceOrientationLandscapeRight";
				LD_RUNPATH_SEARCH_PATHS = (
					"$(inherited)",
					"@executable_path/Frameworks",
				);
				MARKETING_VERSION = 1.0;
				PRODUCT_BUNDLE_IDENTIFIER = jdlcgarcia.WoPe;
				PRODUCT_NAME = "$(TARGET_NAME)";
				SWIFT_EMIT_LOC_STRINGS = YES;
				SWIFT_VERSION = 5.0;
				TARGETED_DEVICE_FAMILY = "1,2";
			};
			name = Debug;
		};
		76311A292DC3ECD300C6522B /* Release */ = {
			isa = XCBuildConfiguration;
			buildSettings = {
				ASSETCATALOG_COMPILER_APPICON_NAME = AppIcon;
				ASSETCATALOG_COMPILER_GLOBAL_ACCENT_COLOR_NAME = AccentColor;
				CODE_SIGN_STYLE = Automatic;
				CURRENT_PROJECT_VERSION = 1;
				ENABLE_PREVIEWS = YES;
				GENERATE_INFOPLIST_FILE = YES;
				INFOPLIST_KEY_UIApplicationSceneManifest_Generation = YES;
				INFOPLIST_KEY_UIApplicationSupportsIndirectInputEvents = YES;
				INFOPLIST_KEY_UILaunchScreen_Generation = YES;
				INFOPLIST_KEY_UISupportedInterfaceOrientations_iPad = "UIInterfaceOrientationPortrait UIInterfaceOrientationPortraitUpsideDown UIInterfaceOrientationLandscapeLeft UIInterfaceOrientationLandscapeRight";
				INFOPLIST_KEY_UISupportedInterfaceOrientations_iPhone = "UIInterfaceOrientationPortrait UIInterfaceOrientationLandscapeLeft UIInterfaceOrientationLandscapeRight";
				LD_RUNPATH_SEARCH_PATHS = (
					"$(inherited)",
					"@executable_path/Frameworks",
				);
				MARKETING_VERSION = 1.0;
				PRODUCT_BUNDLE_IDENTIFIER = jdlcgarcia.WoPe;
				PRODUCT_NAME = "$(TARGET_NAME)";
				SWIFT_EMIT_LOC_STRINGS = YES;
				SWIFT_VERSION = 5.0;
				TARGETED_DEVICE_FAMILY = "1,2";
			};
			name = Release;
		};
		76311A2B2DC3ECD300C6522B /* Debug */ = {
			isa = XCBuildConfiguration;
			buildSettings = {
				BUNDLE_LOADER = "$(TEST_HOST)";
				CODE_SIGN_STYLE = Automatic;
				CURRENT_PROJECT_VERSION = 1;
				GENERATE_INFOPLIST_FILE = YES;
				IPHONEOS_DEPLOYMENT_TARGET = 18.4;
				MARKETING_VERSION = 1.0;
				PRODUCT_BUNDLE_IDENTIFIER = jdlcgarcia.WoPeTests;
				PRODUCT_NAME = "$(TARGET_NAME)";
				SWIFT_EMIT_LOC_STRINGS = NO;
				SWIFT_VERSION = 5.0;
				TARGETED_DEVICE_FAMILY = "1,2";
				TEST_HOST = "$(BUILT_PRODUCTS_DIR)/WoPe.app/$(BUNDLE_EXECUTABLE_FOLDER_PATH)/WoPe";
			};
			name = Debug;
		};
		76311A2C2DC3ECD300C6522B /* Release */ = {
			isa = XCBuildConfiguration;
			buildSettings = {
				BUNDLE_LOADER = "$(TEST_HOST)";
				CODE_SIGN_STYLE = Automatic;
				CURRENT_PROJECT_VERSION = 1;
				GENERATE_INFOPLIST_FILE = YES;
				IPHONEOS_DEPLOYMENT_TARGET = 18.4;
				MARKETING_VERSION = 1.0;
				PRODUCT_BUNDLE_IDENTIFIER = jdlcgarcia.WoPeTests;
				PRODUCT_NAME = "$(TARGET_NAME)";
				SWIFT_EMIT_LOC_STRINGS = NO;
				SWIFT_VERSION = 5.0;
				TARGETED_DEVICE_FAMILY = "1,2";
				TEST_HOST = "$(BUILT_PRODUCTS_DIR)/WoPe.app/$(BUNDLE_EXECUTABLE_FOLDER_PATH)/WoPe";
			};
			name = Release;
		};
		76311A2E2DC3ECD300C6522B /* Debug */ = {
			isa = XCBuildConfiguration;
			buildSettings = {
				CODE_SIGN_STYLE = Automatic;
				CURRENT_PROJECT_VERSION = 1;
				GENERATE_INFOPLIST_FILE = YES;
				MARKETING_VERSION = 1.0;
				PRODUCT_BUNDLE_IDENTIFIER = jdlcgarcia.WoPeUITests;
				PRODUCT_NAME = "$(TARGET_NAME)";
				SWIFT_EMIT_LOC_STRINGS = NO;
				SWIFT_VERSION = 5.0;
				TARGETED_DEVICE_FAMILY = "1,2";
				TEST_TARGET_NAME = WoPe;
			};
			name = Debug;
		};
		76311A2F2DC3ECD300C6522B /* Release */ = {
			isa = XCBuildConfiguration;
			buildSettings = {
				CODE_SIGN_STYLE = Automatic;
				CURRENT_PROJECT_VERSION = 1;
				GENERATE_INFOPLIST_FILE = YES;
				MARKETING_VERSION = 1.0;
				PRODUCT_BUNDLE_IDENTIFIER = jdlcgarcia.WoPeUITests;
				PRODUCT_NAME = "$(TARGET_NAME)";
				SWIFT_EMIT_LOC_STRINGS = NO;
				SWIFT_VERSION = 5.0;
				TARGETED_DEVICE_FAMILY = "1,2";
				TEST_TARGET_NAME = WoPe;
			};
			name = Release;
		};
/* End XCBuildConfiguration section */

/* Begin XCConfigurationList section */
		763119FF2DC3ECD200C6522B /* Build configuration list for PBXProject "WoPe" */ = {
			isa = XCConfigurationList;
			buildConfigurations = (
				76311A252DC3ECD300C6522B /* Debug */,
				76311A262DC3ECD300C6522B /* Release */,
			);
			defaultConfigurationIsVisible = 0;
			defaultConfigurationName = Release;
		};
		76311A272DC3ECD300C6522B /* Build configuration list for PBXNativeTarget "WoPe" */ = {
			isa = XCConfigurationList;
			buildConfigurations = (
				76311A282DC3ECD300C6522B /* Debug */,
				76311A292DC3ECD300C6522B /* Release */,
			);
			defaultConfigurationIsVisible = 0;
			defaultConfigurationName = Release;
		};
		76311A2A2DC3ECD300C6522B /* Build configuration list for PBXNativeTarget "WoPeTests" */ = {
			isa = XCConfigurationList;
			buildConfigurations = (
				76311A2B2DC3ECD300C6522B /* Debug */,
				76311A2C2DC3ECD300C6522B /* Release */,
			);
			defaultConfigurationIsVisible = 0;
			defaultConfigurationName = Release;
		};
		76311A2D2DC3ECD300C6522B /* Build configuration list for PBXNativeTarget "WoPeUITests" */ = {
			isa = XCConfigurationList;
			buildConfigurations = (
				76311A2E2DC3ECD300C6522B /* Debug */,
				76311A2F2DC3ECD300C6522B /* Release */,
			);
			defaultConfigurationIsVisible = 0;
			defaultConfigurationName = Release;
		};
/* End XCConfigurationList section */
	};
	rootObject = 763119FC2DC3ECD200C6522B /* Project object */;
}
